{
  "name": "@stackrole/gatsby-starter-foundation",
  "version": "1.0.0",
  "lockfileVersion": 1,
  "requires": true,
  "dependencies": {
    "@theme-ui/preset-deep": {
      "version": "0.3.0",
      "resolved": "https://registry.npmjs.org/@theme-ui/preset-deep/-/preset-deep-0.3.0.tgz",
      "integrity": "sha512-5XZckaa1nhm7afb57bCMGKR/TCaf9cjTwhNkfAaFjKVklVB4CCinS43zQ0sDadwd3oihCJmGbXyvgwBb8mp/iw=="
    }
  }
}
